- name: adding leaf profile selector associated Node Block range "{{ item.switch_profile | trim }}"
  aci_interface_selector_to_switch_policy_leaf_profile:
    host: "{{ apic_url }}"
    username: "{{ apic_username }}"
    password: "{{ apic_password }}"
    validate_certs: no
    leaf_profile: "{{ item.switch_profile | trim }}"
    interface_selector: "{{ item.leaf_int_selector_profile | trim }}"  # This is the name of the interface selector
    state: present
  delegate_to: localhost
  when: (item.switch_profile | trim) != ""

- name: Pause after End Point Group creation
  pause:
    seconds: 1
  when: (item.switch_profile | trim) != ""