- name: adding leaf profile selector associated Node Block range (w/ policy group)
  aci_switch_leaf_selector:
    host: "{{ apic_url }}"
    username: "{{ apic_username }}"
    password: "{{ apic_password }}"
    validate_certs: no
    leaf_profile: "{{ item.switch_profile | trim }}"
    leaf: Leaf_Select # This is the name of the leaf selector, can be anything
    leaf_node_blk: node_blk_name
    #from: "{{ item.from_node | int }}"
    #to: "{{ item.to_node | int }}"
    from: 1001
    to: 1002 
    policy_group: lpg
    state: present
  delegate_to: localhost
  when: (item.switch_profile | trim) != ""

- name: Pause after End Point Group creation
  pause:
    seconds: 1
  when: (item.switch_profile | trim) != ""
