- name: Create VPC Protection Group "{{ item.vpc_pair_id | trim }}"
  aci_switch_policy_vpc_protection_group:
    host: "{{ apic_url }}"
    username: "{{ apic_username }}"
    password: "{{ apic_password }}"
    validate_certs: no
    protection_group: "{{ item.vpc_group | trim }}"
    protection_group_id: "{{ item.vpc_pair_id | trim }}"
    switch_1_id: "{{ item.switch_1_id | int }}"
    switch_2_id: "{{ item.switch_2_id | int }}"
    state: present
  when: (item.vpc_group | trim) != ""

- name: Pause after End Point Group creation
  pause:
    seconds: 1
  when: (item.vpc_group | trim) != ""
