- name: Create Bridge Domain "{{ item.bd | trim }}"
  aci_bd:
    host: "{{ apic_url }}"
    username: "{{ apic_username }}"
    password: "{{ apic_password }}"
    validate_certs: no
    tenant: "{{ item.tenant | trim }}"
    bd: "{{ item.bd | trim }}"
    vrf: "{{ item.vrf | trim }}"
    state: present
  when: (item.bd | trim) != ""

- name: Pause after Bridge Domain creation
  pause:
    seconds: 1
  when: (item.bd | trim) != ""

