- name: Adding physical domain to "{{ item.epg | trim }}"
  aci_epg_to_domain:
    host: "{{ apic_url }}"
    username: "{{ apic_username }}"
    password: "{{ apic_password }}"
    validate_certs: no
    tenant: "{{ item.tenant | trim }}"
    ap: "{{ item.app_profile | trim }}"
    epg: "{{ item.epg | trim }}"
    domain: "{{ item.domain | trim }}"
    domain_type: vmm
    vm_provider: "{{ item.vm_provider | trim }}"
    state: present
  when: (item.vm_provider | trim) != ""

- name: Pause after EPG to Domain association
  pause:
    seconds: 1
  when: (item.vm_provider | trim) != ""