- name: Adding VLAN Pool "{{ item.vlan_pool | trim }}" to Physical Domain "{{ item.phys_domain | trim }}"
  aci_domain_to_vlan_pool:
    host: "{{ apic_url }}"
    username: "{{ apic_username }}"
    password: "{{ apic_password }}"
    validate_certs: no
    domain: "{{ item.phys_domain | trim }}"
    domain_type: phys
    pool: "{{ item.vlan_pool | trim }}"
    pool_allocation_mode: dynamic
    state: present
  when: (item.phys_domain | trim) != ""

- name: Pause after Physical Domain creation
  pause:
    seconds: 1
  when: (item.phys_domain | trim) != ""