- name: Associate EPG to AEP (Domain) using aci_rest
  aci_rest:
    host: "{{ apic_url }}"
    username: "{{ apic_username }}"
    password: "{{ apic_password }}"
    validate_certs: false
    method: post
    path: /api/node/mo/uni/infra/attentp-{{ item.aep | trim }}/gen-default.json
    content:
      infraRsFuncToEpg:
        attributes:
          tDn: uni/tn-{{ item.tenant | trim }}/ap-{{ item.aep | trim }}/epg-{{ item.epg | trim }}
          encap: "{{ item.encap_id | trim }}"
          status: "created,modified"
  delegate_to: localhost
  when: (item.aep | trim) != ""

- name: Pause after EPG creation
  pause:
    seconds: 1
  when: (item.aep | trim) != ""