- name: Associate EPG to AEP (Domain) using aci_rest
  aci_rest:
    host: "{{ apic_url }}"
    username: "{{ apic_username }}"
    password: "{{ apic_password }}"
    validate_certs: false
    method: post
    path: /api/node/mo/uni/infra/attentp-{{ item.aep | trim }}/gen-default.json
    content:
      infraGeneric:
        attributes:
          dn: uni/infra/attentp-{{ item.aep | trim }}/gen-default
          name: default
          status: created,modified
        children:
          - infraRsFuncToEpg:
              attributes:
                tDn: uni/tn-{{ item.tenant | trim }}/ap-{{ item.aep | trim }}/epg-{{ item.epg | trim }}
                status: created,modified
                encap: vlan-110
              children: []
  delegate_to: localhost
  when: (item.epg | trim) != ""

- name: Pause after EPG creation
  pause:
    seconds: 1
  when: (item.epg | trim) != ""